
Microsoft Visual Studio Solution File, Format Version 12.00
# Visual Studio Version 17
VisualStudioVersion = 17.4.33103.184
MinimumVisualStudioVersion = 10.0.40219.1
Project("{9A19103F-16F7-4668-BE54-9A1E7A4F7556}") = "Models", "Models\Models.csproj", "{8D7F4594-4F94-404B-9F6E-0FEB4C9449B6}"
EndProject
Project("{9A19103F-16F7-4668-BE54-9A1E7A4F7556}") = "Data", "Data\Data.csproj", "{B1B50539-EAC5-48DB-902C-58B3E8471C75}"
EndProject
Project("{9A19103F-16F7-4668-BE54-9A1E7A4F7556}") = "API", "API\API.csproj", "{6172928A-B1B9-48F6-820D-0E9147DC7A75}"
EndProject
Project("{FAE04EC0-301F-11D3-BF4B-00C04F79EFBC}") = "Queries", "Queries\Queries.csproj", "{E9B5F53D-99A4-42FC-894C-CEFD5EF5140E}"
EndProject
Project("{FAE04EC0-301F-11D3-BF4B-00C04F79EFBC}") = "Services", "Services\Services.csproj", "{8D7B7434-E1E1-44AE-9286-F38E133A79B2}"
EndProject
Global
	GlobalSection(SolutionConfigurationPlatforms) = preSolution
		Debug|Any CPU = Debug|Any CPU
		Release|Any CPU = Release|Any CPU
	EndGlobalSection
	GlobalSection(ProjectConfigurationPlatforms) = postSolution
		{8D7F4594-4F94-404B-9F6E-0FEB4C9449B6}.Debug|Any CPU.ActiveCfg = Debug|Any CPU
		{8D7F4594-4F94-404B-9F6E-0FEB4C9449B6}.Debug|Any CPU.Build.0 = Debug|Any CPU
		{8D7F4594-4F94-404B-9F6E-0FEB4C9449B6}.Release|Any CPU.ActiveCfg = Release|Any CPU
		{8D7F4594-4F94-404B-9F6E-0FEB4C9449B6}.Release|Any CPU.Build.0 = Release|Any CPU
		{B1B50539-EAC5-48DB-902C-58B3E8471C75}.Debug|Any CPU.ActiveCfg = Debug|Any CPU
		{B1B50539-EAC5-48DB-902C-58B3E8471C75}.Debug|Any CPU.Build.0 = Debug|Any CPU
		{B1B50539-EAC5-48DB-902C-58B3E8471C75}.Release|Any CPU.ActiveCfg = Release|Any CPU
		{B1B50539-EAC5-48DB-902C-58B3E8471C75}.Release|Any CPU.Build.0 = Release|Any CPU
		{6172928A-B1B9-48F6-820D-0E9147DC7A75}.Debug|Any CPU.ActiveCfg = Debug|Any CPU
		{6172928A-B1B9-48F6-820D-0E9147DC7A75}.Debug|Any CPU.Build.0 = Debug|Any CPU
		{6172928A-B1B9-48F6-820D-0E9147DC7A75}.Release|Any CPU.ActiveCfg = Release|Any CPU
		{6172928A-B1B9-48F6-820D-0E9147DC7A75}.Release|Any CPU.Build.0 = Release|Any CPU
		{E9B5F53D-99A4-42FC-894C-CEFD5EF5140E}.Debug|Any CPU.ActiveCfg = Debug|Any CPU
		{E9B5F53D-99A4-42FC-894C-CEFD5EF5140E}.Debug|Any CPU.Build.0 = Debug|Any CPU
		{E9B5F53D-99A4-42FC-894C-CEFD5EF5140E}.Release|Any CPU.ActiveCfg = Release|Any CPU
		{E9B5F53D-99A4-42FC-894C-CEFD5EF5140E}.Release|Any CPU.Build.0 = Release|Any CPU
		{8D7B7434-E1E1-44AE-9286-F38E133A79B2}.Debug|Any CPU.ActiveCfg = Debug|Any CPU
		{8D7B7434-E1E1-44AE-9286-F38E133A79B2}.Debug|Any CPU.Build.0 = Debug|Any CPU
		{8D7B7434-E1E1-44AE-9286-F38E133A79B2}.Release|Any CPU.ActiveCfg = Release|Any CPU
		{8D7B7434-E1E1-44AE-9286-F38E133A79B2}.Release|Any CPU.Build.0 = Release|Any CPU
	EndGlobalSection
	GlobalSection(SolutionProperties) = preSolution
		HideSolutionNode = FALSE
	EndGlobalSection
	GlobalSection(ExtensibilityGlobals) = postSolution
		SolutionGuid = {84612295-88F8-469C-9B43-5D6E01B94482}
	EndGlobalSection
	GlobalSection(NestedProjects) = preSolution
	EndGlobalSection
EndGlobal
