
Microsoft Visual Studio Solution File, Format Version 12.00
# Visual Studio Version 17
VisualStudioVersion = 17.4.33103.184
MinimumVisualStudioVersion = 10.0.40219.1
Project("{FAE04EC0-301F-11D3-BF4B-00C04F79EFBC}") = "TemporaryEndpoints", "TemporaryEndpoints\TemporaryEndpoints.csproj", "{EA3638A9-1167-4469-AB88-ED8712337F35}"
EndProject
Global
	GlobalSection(SolutionConfigurationPlatforms) = preSolution
		Debug|Any CPU = Debug|Any CPU
		Release|Any CPU = Release|Any CPU
	EndGlobalSection
	GlobalSection(ProjectConfigurationPlatforms) = postSolution
		{EA3638A9-1167-4469-AB88-ED8712337F35}.Debug|Any CPU.ActiveCfg = Debug|Any CPU
		{EA3638A9-1167-4469-AB88-ED8712337F35}.Debug|Any CPU.Build.0 = Debug|Any CPU
		{EA3638A9-1167-4469-AB88-ED8712337F35}.Release|Any CPU.ActiveCfg = Release|Any CPU
		{EA3638A9-1167-4469-AB88-ED8712337F35}.Release|Any CPU.Build.0 = Release|Any CPU
	EndGlobalSection
	GlobalSection(SolutionProperties) = preSolution
		HideSolutionNode = FALSE
	EndGlobalSection
	GlobalSection(ExtensibilityGlobals) = postSolution
		SolutionGuid = {84612295-88F8-469C-9B43-5D6E01B94482}
	EndGlobalSection
EndGlobal
